version = 1
requires-python = ">=3.10"

[[package]]
name = "pdf-ingest"
version = "1.2.64"
source = { editable = "." }
dependencies = [
    { name = "pycld3" },
]

[package.metadata]
requires-dist = [{ name = "pycld3" }]

[[package]]
name = "pycld3"
version = "0.22"
source = { registry = "https://pypi.org/simple" }
sdist = { url = "https://files.pythonhosted.org/packages/6b/d0/b180a38c983062877f72dffe876de58dad216a5be26d05b04f9ae4050e4b/pycld3-0.22.tar.gz", hash = "sha256:2de0f6895342a116bce6032e6b5bea747de1dcad5d511c6583ae4343a0708dd5", size = 726241 }
